
Microsoft Visual Studio Solution File, Format Version 12.00
# Visual Studio 2013
VisualStudioVersion = 12.0.31101.0
MinimumVisualStudioVersion = 10.0.40219.1
Project("{FAE04EC0-301F-11D3-BF4B-00C04F79EFBC}") = "HarryPotterKata", "HarryPotterKata\HarryPotterKata.csproj", "{8284A718-10B4-4CDD-ACD7-07388FDDCDE6}"
EndProject
Project("{FAE04EC0-301F-11D3-BF4B-00C04F79EFBC}") = "HarryPotterKata.Tests", "HarryPotterKata.Tests\HarryPotterKata.Tests.csproj", "{BA07C1DD-1630-4157-B32C-3D0E63D2BF2E}"
EndProject
Global
	GlobalSection(SolutionConfigurationPlatforms) = preSolution
		Debug|Any CPU = Debug|Any CPU
		Release|Any CPU = Release|Any CPU
	EndGlobalSection
	GlobalSection(ProjectConfigurationPlatforms) = postSolution
		{8284A718-10B4-4CDD-ACD7-07388FDDCDE6}.Debug|Any CPU.ActiveCfg = Debug|Any CPU
		{8284A718-10B4-4CDD-ACD7-07388FDDCDE6}.Debug|Any CPU.Build.0 = Debug|Any CPU
		{8284A718-10B4-4CDD-ACD7-07388FDDCDE6}.Release|Any CPU.ActiveCfg = Release|Any CPU
		{8284A718-10B4-4CDD-ACD7-07388FDDCDE6}.Release|Any CPU.Build.0 = Release|Any CPU
		{BA07C1DD-1630-4157-B32C-3D0E63D2BF2E}.Debug|Any CPU.ActiveCfg = Debug|Any CPU
		{BA07C1DD-1630-4157-B32C-3D0E63D2BF2E}.Debug|Any CPU.Build.0 = Debug|Any CPU
		{BA07C1DD-1630-4157-B32C-3D0E63D2BF2E}.Release|Any CPU.ActiveCfg = Release|Any CPU
		{BA07C1DD-1630-4157-B32C-3D0E63D2BF2E}.Release|Any CPU.Build.0 = Release|Any CPU
	EndGlobalSection
	GlobalSection(SolutionProperties) = preSolution
		HideSolutionNode = FALSE
	EndGlobalSection
EndGlobal
